{
  "version": 4,
  "terraform_version": "1.6.3",
  "serial": 6,
  "lineage": "dc7ced37-6cf9-de30-2228-0e696b13b160",
  "outputs": {},
  "resources": [
    {
      "module": "module.fluxcd",
      "mode": "managed",
      "type": "tls_private_key",
      "name": "this",
      "provider": "provider[\"registry.terraform.io/hashicorp/tls\"]",
      "instances": [
        {
          "schema_version": 1,
          "attributes": {
            "algorithm": "ECDSA",
            "ecdsa_curve": "P256",
            "id": "979215d4c318c4ce92d6d25ff773dbd12f7b49ed",
            "private_key_openssh": "-----BEGIN OPENSSH PRIVATE KEY-----\nb3BlbnNzaC1rZXktdjEAAAAABG5vbmUAAAAEbm9uZQAAAAAAAAABAAAAaAAAABNl\nY2RzYS1zaGEyLW5pc3RwMjU2AAAACG5pc3RwMjU2AAAAQQSh8LFOvKqRhwAiwjI9\nBKrpBKGKvqMGWjVb9XuflHLv9TlOrFhiw3o8qJX9SWRIBt46I6/PBDEiVv0lmS9E\nkiW8AAAAoI6siB+OrIgfAAAAE2VjZHNhLXNoYTItbmlzdHAyNTYAAAAIbmlzdHAy\nNTYAAABBBKHwsU68qpGHACLCMj0EqukEoYq+owZaNVv1e5+Ucu/1OU6sWGLDejyo\nlf1JZEgG3jojr88EMSJW/SWZL0SSJbwAAAAhAPrhnO3KzgkfoFgi23lHRkth9TKK\ngLmiTIgg/DEgHd7BAAAAAAECAwQFBgc=\n-----END OPENSSH PRIVATE KEY-----\n",
            "private_key_pem": "-----BEGIN EC PRIVATE KEY-----\nMHcCAQEEIPrhnO3KzgkfoFgi23lHRkth9TKKgLmiTIgg/DEgHd7BoAoGCCqGSM49\nAwEHoUQDQgAEofCxTryqkYcAIsIyPQSq6QShir6jBlo1W/V7n5Ry7/U5TqxYYsN6\nPKiV/UlkSAbeOiOvzwQxIlb9JZkvRJIlvA==\n-----END EC PRIVATE KEY-----\n",
            "private_key_pem_pkcs8": "-----BEGIN PRIVATE KEY-----\nMIGHAgEAMBMGByqGSM49AgEGCCqGSM49AwEHBG0wawIBAQQg+uGc7crOCR+gWCLb\neUdGS2H1MoqAuaJMiCD8MSAd3sGhRANCAASh8LFOvKqRhwAiwjI9BKrpBKGKvqMG\nWjVb9XuflHLv9TlOrFhiw3o8qJX9SWRIBt46I6/PBDEiVv0lmS9EkiW8\n-----END PRIVATE KEY-----\n",
            "public_key_fingerprint_md5": "3e:dc:9c:b0:8c:6a:6d:c5:10:6b:79:bd:c5:de:94:e8",
            "public_key_fingerprint_sha256": "SHA256:OI3bRvpWaUNf9A12GFq13a3YEdpNQRROI4/gKbH6XEs",
            "public_key_openssh": "ecdsa-sha2-nistp256 AAAAE2VjZHNhLXNoYTItbmlzdHAyNTYAAAAIbmlzdHAyNTYAAABBBKHwsU68qpGHACLCMj0EqukEoYq+owZaNVv1e5+Ucu/1OU6sWGLDejyolf1JZEgG3jojr88EMSJW/SWZL0SSJbw=\n",
            "public_key_pem": "-----BEGIN PUBLIC KEY-----\nMFkwEwYHKoZIzj0CAQYIKoZIzj0DAQcDQgAEofCxTryqkYcAIsIyPQSq6QShir6j\nBlo1W/V7n5Ry7/U5TqxYYsN6PKiV/UlkSAbeOiOvzwQxIlb9JZkvRJIlvA==\n-----END PUBLIC KEY-----\n",
            "rsa_bits": 2048
          },
          "sensitive_attributes": []
        }
      ]
    }
  ],
  "check_results": null
}
